
Microsoft Visual Studio Solution File, Format Version 12.00
# Visual Studio 15
VisualStudioVersion = 15.0.27004.2002
MinimumVisualStudioVersion = 10.0.40219.1
Project("{9A19103F-16F7-4668-BE54-9A1E7A4F7556}") = "ZChain", "ZChain\ZChain.csproj", "{DCADC8BC-347D-467C-8187-67B9C9FCCC16}"
EndProject
Project("{9A19103F-16F7-4668-BE54-9A1E7A4F7556}") = "ZChain.Core", "ZChain.Core\ZChain.Core.csproj", "{98BAFFB3-C6A9-4297-A684-4F59515BCAB6}"
EndProject
Project("{2150E333-8FDC-42A3-9474-1A3956D46DE8}") = "Solution Items", "Solution Items", "{DE438D55-C2C3-4270-BF83-D6BDEFE763D2}"
	ProjectSection(SolutionItems) = preProject
		README.md = README.md
	EndProjectSection
EndProject
Project("{9A19103F-16F7-4668-BE54-9A1E7A4F7556}") = "ZChain.Tests", "ZChain.Tests\ZChain.Tests.csproj", "{8EBD827A-4634-474E-9E01-37E91F5D5CF8}"
EndProject
Project("{FAE04EC0-301F-11D3-BF4B-00C04F79EFBC}") = "PerformanceTesting", "PerformanceTesting\PerformanceTesting.csproj", "{09E91F0E-D1FD-4BCD-A22A-4F5760F849C4}"
EndProject
Global
	GlobalSection(SolutionConfigurationPlatforms) = preSolution
		Debug|Any CPU = Debug|Any CPU
		Release|Any CPU = Release|Any CPU
	EndGlobalSection
	GlobalSection(ProjectConfigurationPlatforms) = postSolution
		{DCADC8BC-347D-467C-8187-67B9C9FCCC16}.Debug|Any CPU.ActiveCfg = Debug|Any CPU
		{DCADC8BC-347D-467C-8187-67B9C9FCCC16}.Debug|Any CPU.Build.0 = Debug|Any CPU
		{DCADC8BC-347D-467C-8187-67B9C9FCCC16}.Release|Any CPU.ActiveCfg = Release|Any CPU
		{DCADC8BC-347D-467C-8187-67B9C9FCCC16}.Release|Any CPU.Build.0 = Release|Any CPU
		{98BAFFB3-C6A9-4297-A684-4F59515BCAB6}.Debug|Any CPU.ActiveCfg = Debug|Any CPU
		{98BAFFB3-C6A9-4297-A684-4F59515BCAB6}.Debug|Any CPU.Build.0 = Debug|Any CPU
		{98BAFFB3-C6A9-4297-A684-4F59515BCAB6}.Release|Any CPU.ActiveCfg = Release|Any CPU
		{98BAFFB3-C6A9-4297-A684-4F59515BCAB6}.Release|Any CPU.Build.0 = Release|Any CPU
		{8EBD827A-4634-474E-9E01-37E91F5D5CF8}.Debug|Any CPU.ActiveCfg = Debug|Any CPU
		{8EBD827A-4634-474E-9E01-37E91F5D5CF8}.Debug|Any CPU.Build.0 = Debug|Any CPU
		{8EBD827A-4634-474E-9E01-37E91F5D5CF8}.Release|Any CPU.ActiveCfg = Release|Any CPU
		{8EBD827A-4634-474E-9E01-37E91F5D5CF8}.Release|Any CPU.Build.0 = Release|Any CPU
		{09E91F0E-D1FD-4BCD-A22A-4F5760F849C4}.Debug|Any CPU.ActiveCfg = Debug|Any CPU
		{09E91F0E-D1FD-4BCD-A22A-4F5760F849C4}.Debug|Any CPU.Build.0 = Debug|Any CPU
		{09E91F0E-D1FD-4BCD-A22A-4F5760F849C4}.Release|Any CPU.ActiveCfg = Release|Any CPU
		{09E91F0E-D1FD-4BCD-A22A-4F5760F849C4}.Release|Any CPU.Build.0 = Release|Any CPU
	EndGlobalSection
	GlobalSection(SolutionProperties) = preSolution
		HideSolutionNode = FALSE
	EndGlobalSection
	GlobalSection(ExtensibilityGlobals) = postSolution
		SolutionGuid = {11CBD8C4-7D5D-4F85-BEE7-8580D32C4254}
	EndGlobalSection
EndGlobal
